
Microsoft Visual Studio Solution File, Format Version 12.00
# Visual Studio Version 17
VisualStudioVersion = 17.13.35931.197 d17.13
MinimumVisualStudioVersion = 10.0.40219.1
Project("{FAE04EC0-301F-11D3-BF4B-00C04F79EFBC}") = "Telefonszámok_doga", "Telefonszámok_doga\Telefonszámok_doga.csproj", "{CFE98718-5857-4A0D-A2C7-6CF7B67A1ADE}"
EndProject
Global
	GlobalSection(SolutionConfigurationPlatforms) = preSolution
		Debug|Any CPU = Debug|Any CPU
		Release|Any CPU = Release|Any CPU
	EndGlobalSection
	GlobalSection(ProjectConfigurationPlatforms) = postSolution
		{CFE98718-5857-4A0D-A2C7-6CF7B67A1ADE}.Debug|Any CPU.ActiveCfg = Debug|Any CPU
		{CFE98718-5857-4A0D-A2C7-6CF7B67A1ADE}.Debug|Any CPU.Build.0 = Debug|Any CPU
		{CFE98718-5857-4A0D-A2C7-6CF7B67A1ADE}.Release|Any CPU.ActiveCfg = Release|Any CPU
		{CFE98718-5857-4A0D-A2C7-6CF7B67A1ADE}.Release|Any CPU.Build.0 = Release|Any CPU
	EndGlobalSection
	GlobalSection(SolutionProperties) = preSolution
		HideSolutionNode = FALSE
	EndGlobalSection
	GlobalSection(ExtensibilityGlobals) = postSolution
		SolutionGuid = {01BE23E3-886C-484B-B6AC-770CD2676DA3}
	EndGlobalSection
EndGlobal
